
Microsoft Visual Studio Solution File, Format Version 12.00
# Visual Studio 14
VisualStudioVersion = 14.0.23107.0
MinimumVisualStudioVersion = 10.0.40219.1
Project("{FAE04EC0-301F-11D3-BF4B-00C04F79EFBC}") = "stockwaves", "stockwaves\stockwaves.csproj", "{5C6D7E4A-3112-4642-A99E-A14B7ADF0AA8}"
EndProject
Project("{FAE04EC0-301F-11D3-BF4B-00C04F79EFBC}") = "stockwaves.Tests", "stockwaves.Tests\stockwaves.Tests.csproj", "{82853D89-8F3D-4C2E-BE62-7BCDFD44F8AF}"
EndProject
Global
	GlobalSection(SolutionConfigurationPlatforms) = preSolution
		Debug|Any CPU = Debug|Any CPU
		Release|Any CPU = Release|Any CPU
	EndGlobalSection
	GlobalSection(ProjectConfigurationPlatforms) = postSolution
		{5C6D7E4A-3112-4642-A99E-A14B7ADF0AA8}.Debug|Any CPU.ActiveCfg = Debug|Any CPU
		{5C6D7E4A-3112-4642-A99E-A14B7ADF0AA8}.Debug|Any CPU.Build.0 = Debug|Any CPU
		{5C6D7E4A-3112-4642-A99E-A14B7ADF0AA8}.Release|Any CPU.ActiveCfg = Release|Any CPU
		{5C6D7E4A-3112-4642-A99E-A14B7ADF0AA8}.Release|Any CPU.Build.0 = Release|Any CPU
		{82853D89-8F3D-4C2E-BE62-7BCDFD44F8AF}.Debug|Any CPU.ActiveCfg = Debug|Any CPU
		{82853D89-8F3D-4C2E-BE62-7BCDFD44F8AF}.Debug|Any CPU.Build.0 = Debug|Any CPU
		{82853D89-8F3D-4C2E-BE62-7BCDFD44F8AF}.Release|Any CPU.ActiveCfg = Release|Any CPU
		{82853D89-8F3D-4C2E-BE62-7BCDFD44F8AF}.Release|Any CPU.Build.0 = Release|Any CPU
	EndGlobalSection
	GlobalSection(SolutionProperties) = preSolution
		HideSolutionNode = FALSE
	EndGlobalSection
EndGlobal
